// !$*UTF8*$!
{
	archiveVersion = 1;
	classes = {
	};
	objectVersion = 46;
	objects = {

/* Begin PBXBuildFile section */
		204754571C98CD320030157B /* AppDelegate.swift in Sources */ = {isa = PBXBuildFile; fileRef = 204754561C98CD320030157B /* AppDelegate.swift */; };
		204754591C98CD320030157B /* ViewController.swift in Sources */ = {isa = PBXBuildFile; fileRef = 204754581C98CD320030157B /* ViewController.swift */; };
		2047545C1C98CD320030157B /* Main.storyboard in Resources */ = {isa = PBXBuildFile; fileRef = 2047545A1C98CD320030157B /* Main.storyboard */; };
		2047545E1C98CD320030157B /* Assets.xcassets in Resources */ = {isa = PBXBuildFile; fileRef = 2047545D1C98CD320030157B /* Assets.xcassets */; };
		204754611C98CD320030157B /* LaunchScreen.storyboard in Resources */ = {isa = PBXBuildFile; fileRef = 2047545F1C98CD320030157B /* LaunchScreen.storyboard */; };
/* End PBXBuildFile section */

/* Begin PBXFileReference section */
		204754531C98CD320030157B /* devslopesShowcase.app */ = {isa = PBXFileReference; explicitFileType = wrapper.application; includeInIndex = 0; path = devslopesShowcase.app; sourceTree = BUILT_PRODUCTS_DIR; };
		204754561C98CD320030157B /* AppDelegate.swift */ = {isa = PBXFileReference; lastKnownFileType = sourcecode.swift; path = AppDelegate.swift; sourceTree = "<group>"; };
		204754581C98CD320030157B /* ViewController.swift */ = {isa = PBXFileReference; lastKnownFileType = sourcecode.swift; path = ViewController.swift; sourceTree = "<group>"; };
		2047545B1C98CD320030157B /* Base */ = {isa = PBXFileReference; lastKnownFileType = file.storyboard; name = Base; path = Base.lproj/Main.storyboard; sourceTree = "<group>"; };
		2047545D1C98CD320030157B /* Assets.xcassets */ = {isa = PBXFileReference; lastKnownFileType = folder.assetcatalog; path = Assets.xcassets; sourceTree = "<group>"; };
		204754601C98CD320030157B /* Base */ = {isa = PBXFileReference; lastKnownFileType = file.storyboard; name = Base; path = Base.lproj/LaunchScreen.storyboard; sourceTree = "<group>"; };
		204754621C98CD320030157B /* Info.plist */ = {isa = PBXFileReference; lastKnownFileType = text.plist.xml; path = Info.plist; sourceTree = "<group>"; };
/* End PBXFileReference section */

/* Begin PBXFrameworksBuildPhase section */
		204754501C98CD320030157B /* Frameworks */ = {
			isa = PBXFrameworksBuildPhase;
			buildActionMask = 2147483647;
			files = (
			);
			runOnlyForDeploymentPostprocessing = 0;
		};
/* End PBXFrameworksBuildPhase section */

/* Begin PBXGroup section */
		2047544A1C98CD320030157B = {
			isa = PBXGroup;
			children = (
				204754551C98CD320030157B /* devslopesShowcase */,
				204754541C98CD320030157B /* Products */,
			);
			sourceTree = "<group>";
		};
		204754541C98CD320030157B /* Products */ = {
			isa = PBXGroup;
			children = (
				204754531C98CD320030157B /* devslopesShowcase.app */,
			);
			name = Products;
			sourceTree = "<group>";
		};
		204754551C98CD320030157B /* devslopesShowcase */ = {
			isa = PBXGroup;
			children = (
				204754561C98CD320030157B /* AppDelegate.swift */,
				204754581C98CD320030157B /* ViewController.swift */,
				2047545A1C98CD320030157B /* Main.storyboard */,
				2047545D1C98CD320030157B /* Assets.xcassets */,
				2047545F1C98CD320030157B /* LaunchScreen.storyboard */,
				204754621C98CD320030157B /* Info.plist */,
			);
			path = devslopesShowcase;
			sourceTree = "<group>";
		};
/* End PBXGroup section */

/* Begin PBXNativeTarget section */
		204754521C98CD320030157B /* devslopesShowcase */ = {
			isa = PBXNativeTarget;
			buildConfigurationList = 204754651C98CD320030157B /* Build configuration list for PBXNativeTarget "devslopesShowcase" */;
			buildPhases = (
				2047544F1C98CD320030157B /* Sources */,
				204754501C98CD320030157B /* Frameworks */,
				204754511C98CD320030157B /* Resources */,
			);
			buildRules = (
			);
			dependencies = (
			);
			name = devslopesShowcase;
			productName = devslopesShowcase;
			productReference = 204754531C98CD320030157B /* devslopesShowcase.app */;
			productType = "com.apple.product-type.application";
		};
/* End PBXNativeTarget section */

/* Begin PBXProject section */
		2047544B1C98CD320030157B /* Project object */ = {
			isa = PBXProject;
			attributes = {
				LastSwiftUpdateCheck = 0720;
				LastUpgradeCheck = 0720;
				ORGANIZATIONNAME = Evan;
				TargetAttributes = {
					204754521C98CD320030157B = {
						CreatedOnToolsVersion = 7.2.1;
						DevelopmentTeam = Q647QB5339;
					};
				};
			};
			buildConfigurationList = 2047544E1C98CD320030157B /* Build configuration list for PBXProject "devslopesShowcase" */;
			compatibilityVersion = "Xcode 3.2";
			developmentRegion = English;
			hasScannedForEncodings = 0;
			knownRegions = (
				en,
				Base,
			);
			mainGroup = 2047544A1C98CD320030157B;
			productRefGroup = 204754541C98CD320030157B /* Products */;
			projectDirPath = "";
			projectRoot = "";
			targets = (
				204754521C98CD320030157B /* devslopesShowcase */,
			);
		};
/* End PBXProject section */

/* Begin PBXResourcesBuildPhase section */
		204754511C98CD320030157B /* Resources */ = {
			isa = PBXResourcesBuildPhase;
			buildActionMask = 2147483647;
			files = (
				204754611C98CD320030157B /* LaunchScreen.storyboard in Resources */,
				2047545E1C98CD320030157B /* Assets.xcassets in Resources */,
				2047545C1C98CD320030157B /* Main.storyboard in Resources */,
			);
			runOnlyForDeploymentPostprocessing = 0;
		};
/* End PBXResourcesBuildPhase section */

/* Begin PBXSourcesBuildPhase section */
		2047544F1C98CD320030157B /* Sources */ = {
			isa = PBXSourcesBuildPhase;
			buildActionMask = 2147483647;
			files = (
				204754591C98CD320030157B /* ViewController.swift in Sources */,
				204754571C98CD320030157B /* AppDelegate.swift in Sources */,
			);
			runOnlyForDeploymentPostprocessing = 0;
		};
/* End PBXSourcesBuildPhase section */

/* Begin PBXVariantGroup section */
		2047545A1C98CD320030157B /* Main.storyboard */ = {
			isa = PBXVariantGroup;
			children = (
				2047545B1C98CD320030157B /* Base */,
			);
			name = Main.storyboard;
			sourceTree = "<group>";
		};
		2047545F1C98CD320030157B /* LaunchScreen.storyboard */ = {
			isa = PBXVariantGroup;
			children = (
				204754601C98CD320030157B /* Base */,
			);
			name = LaunchScreen.storyboard;
			sourceTree = "<group>";
		};
/* End PBXVariantGroup section */

/* Begin XCBuildConfiguration section */
		204754631C98CD320030157B /* Debug */ = {
			isa = XCBuildConfiguration;
			buildSettings = {
				ALWAYS_SEARCH_USER_PATHS = NO;
				CLANG_CXX_LANGUAGE_STANDARD = "gnu++0x";
				CLANG_CXX_LIBRARY = "libc++";
				CLANG_ENABLE_MODULES = YES;
				CLANG_ENABLE_OBJC_ARC = YES;
				CLANG_WARN_BOOL_CONVERSION = YES;
				CLANG_WARN_CONSTANT_CONVERSION = YES;
				CLANG_WARN_DIRECT_OBJC_ISA_USAGE = YES_ERROR;
				CLANG_WARN_EMPTY_BODY = YES;
				CLANG_WARN_ENUM_CONVERSION = YES;
				CLANG_WARN_INT_CONVERSION = YES;
				CLANG_WARN_OBJC_ROOT_CLASS = YES_ERROR;
				CLANG_WARN_UNREACHABLE_CODE = YES;
				CLANG_WARN__DUPLICATE_METHOD_MATCH = YES;
				"CODE_SIGN_IDENTITY[sdk=iphoneos*]" = "iPhone Developer";
				COPY_PHASE_STRIP = NO;
				DEBUG_INFORMATION_FORMAT = dwarf;
				ENABLE_STRICT_OBJC_MSGSEND = YES;
				ENABLE_TESTABILITY = YES;
				GCC_C_LANGUAGE_STANDARD = gnu99;
				GCC_DYNAMIC_NO_PIC = NO;
				GCC_NO_COMMON_BLOCKS = YES;
				GCC_OPTIMIZATION_LEVEL = 0;
				GCC_PREPROCESSOR_DEFINITIONS = (
					"DEBUG=1",
					"$(inherited)",
				);
				GCC_WARN_64_TO_32_BIT_CONVERSION = YES;
				GCC_WARN_ABOUT_RETURN_TYPE = YES_ERROR;
				GCC_WARN_UNDECLARED_SELECTOR = YES;
				GCC_WARN_UNINITIALIZED_AUTOS = YES_AGGRESSIVE;
				GCC_WARN_UNUSED_FUNCTION = YES;
				GCC_WARN_UNUSED_VARIABLE = YES;
				IPHONEOS_DEPLOYMENT_TARGET = 9.2;
				MTL_ENABLE_DEBUG_INFO = YES;
				ONLY_ACTIVE_ARCH = YES;
				SDKROOT = iphoneos;
				SWIFT_OPTIMIZATION_LEVEL = "-Onone";
				TARGETED_DEVICE_FAMILY = "1,2";
			};
			name = Debug;
		};
		204754641C98CD320030157B /* Release */ = {
			isa = XCBuildConfiguration;
			buildSettings = {
				ALWAYS_SEARCH_USER_PATHS = NO;
				CLANG_CXX_LANGUAGE_STANDARD = "gnu++0x";
				CLANG_CXX_LIBRARY = "libc++";
				CLANG_ENABLE_MODULES = YES;
				CLANG_ENABLE_OBJC_ARC = YES;
				CLANG_WARN_BOOL_CONVERSION = YES;
				CLANG_WARN_CONSTANT_CONVERSION = YES;
				CLANG_WARN_DIRECT_OBJC_ISA_USAGE = YES_ERROR;
				CLANG_WARN_EMPTY_BODY = YES;
				CLANG_WARN_ENUM_CONVERSION = YES;
				CLANG_WARN_INT_CONVERSION = YES;
				CLANG_WARN_OBJC_ROOT_CLASS = YES_ERROR;
				CLANG_WARN_UNREACHABLE_CODE = YES;
				CLANG_WARN__DUPLICATE_METHOD_MATCH = YES;
				"CODE_SIGN_IDENTITY[sdk=iphoneos*]" = "iPhone Developer";
				COPY_PHASE_STRIP = NO;
				DEBUG_INFORMATION_FORMAT = "dwarf-with-dsym";
				ENABLE_NS_ASSERTIONS = NO;
				ENABLE_STRICT_OBJC_MSGSEND = YES;
				GCC_C_LANGUAGE_STANDARD = gnu99;
				GCC_NO_COMMON_BLOCKS = YES;
				GCC_WARN_64_TO_32_BIT_CONVERSION = YES;
				GCC_WARN_ABOUT_RETURN_TYPE = YES_ERROR;
				GCC_WARN_UNDECLARED_SELECTOR = YES;
				GCC_WARN_UNINITIALIZED_AUTOS = YES_AGGRESSIVE;
				GCC_WARN_UNUSED_FUNCTION = YES;
				GCC_WARN_UNUSED_VARIABLE = YES;
				IPHONEOS_DEPLOYMENT_TARGET = 9.2;
				MTL_ENABLE_DEBUG_INFO = NO;
				SDKROOT = iphoneos;
				TARGETED_DEVICE_FAMILY = "1,2";
				VALIDATE_PRODUCT = YES;
			};
			name = Release;
		};
		204754661C98CD320030157B /* Debug */ = {
			isa = XCBuildConfiguration;
			buildSettings = {
				ASSETCATALOG_COMPILER_APPICON_NAME = AppIcon;
				INFOPLIST_FILE = devslopesShowcase/Info.plist;
				LD_RUNPATH_SEARCH_PATHS = "$(inherited) @executable_path/Frameworks";
				PRODUCT_BUNDLE_IDENTIFIER = com.evanlaird.devslopesShowcase;
				PRODUCT_NAME = "$(TARGET_NAME)";
			};
			name = Debug;
		};
		204754671C98CD320030157B /* Release */ = {
			isa = XCBuildConfiguration;
			buildSettings = {
				ASSETCATALOG_COMPILER_APPICON_NAME = AppIcon;
				INFOPLIST_FILE = devslopesShowcase/Info.plist;
				LD_RUNPATH_SEARCH_PATHS = "$(inherited) @executable_path/Frameworks";
				PRODUCT_BUNDLE_IDENTIFIER = com.evanlaird.devslopesShowcase;
				PRODUCT_NAME = "$(TARGET_NAME)";
			};
			name = Release;
		};
/* End XCBuildConfiguration section */

/* Begin XCConfigurationList section */
		2047544E1C98CD320030157B /* Build configuration list for PBXProject "devslopesShowcase" */ = {
			isa = XCConfigurationList;
			buildConfigurations = (
				204754631C98CD320030157B /* Debug */,
				204754641C98CD320030157B /* Release */,
			);
			defaultConfigurationIsVisible = 0;
			defaultConfigurationName = Release;
		};
		204754651C98CD320030157B /* Build configuration list for PBXNativeTarget "devslopesShowcase" */ = {
			isa = XCConfigurationList;
			buildConfigurations = (
				204754661C98CD320030157B /* Debug */,
				204754671C98CD320030157B /* Release */,
			);
			defaultConfigurationIsVisible = 0;
		};
/* End XCConfigurationList section */
	};
	rootObject = 2047544B1C98CD320030157B /* Project object */;
}
